github.com/bendahl/uinput v1.7.0 h1:nA4fm8Wu8UYNOPykIZm66nkWEyvxzfmJ8YC02PM40jg=
github.com/bendahl/uinput v1.7.0/go.mod h1:Np7w3DINc9wB83p12fTAM3DPPhFnAKP0WTXRqCQJ6Z8=
github.com/claes/cec v0.0.0-20240517192915-921b101aae97 h1:pTt28VD5eTnAXjxD782Nq/ADyQGLGlO9Up8F9LcxIMw=
github.com/claes/cec v0.0.0-20240517192915-921b101aae97/go.mod h1:7MHv0D7vkFEFjZDDfdT4qnnJnKtB5VyN7gy5uRBfafw=
github.com/claes/cec-mqtt v0.0.0-20240517193741-3ef03668d119 h1:OUVpCTEZsyDPLJ/hiAH9rXsgfMN9ZJwrKxX7SHKQngE=
github.com/claes/cec-mqtt v0.0.0-20240517193741-3ef03668d119/go.mod h1:R6RlZZtBr0v0hQc4t/i6Fz4cmykBmfN6v1c1810SKFM=
github.com/claes/cec-mqtt v0.0.0-20240518084352-2cceac6426bd h1:714D93JCDdtMXQzDOr4RHNYjaAWqkAnhsBRhsYUpWRI=
github.com/claes/cec-mqtt v0.0.0-20240518084352-2cceac6426bd/go.mod h1:4+x/zlVat13XrGgT3v40mnlcXSboON5hQa8KtjrclcQ=
github.com/claes/cec-mqtt v0.0.0-20240519104354-ddddb24dbcc1 h1:zfBnS/v/Hfi+7q6BEqO8etQxJvzmlYgH+372IIZ6Jt8=
github.com/claes/cec-mqtt v0.0.0-20240519104354-ddddb24dbcc1/go.mod h1:4+x/zlVat13XrGgT3v40mnlcXSboON5hQa8KtjrclcQ=
github.com/eclipse/paho.mqtt.golang v1.4.3 h1:2kwcUGn8seMUfWndX0hGbvH8r7crgcJguQNCyp70xik=
github.com/eclipse/paho.mqtt.golang v1.4.3/go.mod h1:CSYvoAlsMkhYOXh/oKyxa8EcBci6dVkLCbo5tTC1RIE=
github.com/gorilla/websocket v1.5.1 h1:gmztn0JnHVt9JZquRuzLw3g4wouNVzKL15iLr/zn/QY=
github.com/gorilla/websocket v1.5.1/go.mod h1:x3kM2JMyaluk02fnUJpQuwD2dCS5NDG2ZHL0uE0tcaY=
golang.org/x/net v0.25.0 h1:d/OCCoBEUq33pjydKrGQhw7IlUPI2Oylr+8qLx49kac=
golang.org/x/net v0.25.0/go.mod h1:JkAGAh7GEvH74S6FOH42FLoXpXbE/aqXSrIQjXgsiwM=
golang.org/x/sync v0.7.0 h1:YsImfSBoP9QPYL0xyKJPq0gcaJdG3rInoqxTWbfQu9M=
golang.org/x/sync v0.7.0/go.mod h1:Czt+wKu1gCyEFDUtn0jG5QVvpJ6rzVqr5aXyt9drQfk=
