github.com/ConnorsApps/snapcast-go v0.2.0 h1:KBESELR+5aq+yfofh3JKeDdnT8JWHQTrXr23owzjU1o=
github.com/ConnorsApps/snapcast-go v0.2.0/go.mod h1:/UP8u37AdEwdmfZjtbbr76Wzorq7z/fEjpQWy0IVTtk=
github.com/bendahl/uinput v1.7.0 h1:nA4fm8Wu8UYNOPykIZm66nkWEyvxzfmJ8YC02PM40jg=
github.com/bendahl/uinput v1.7.0/go.mod h1:Np7w3DINc9wB83p12fTAM3DPPhFnAKP0WTXRqCQJ6Z8=
github.com/claes/cec v0.0.0-20240820185959-6db0712de894 h1:cZOiacVo+F8/VV+dEfqzNoqzbZVWiPbEDZ6rCKPK9uo=
github.com/claes/cec v0.0.0-20240820185959-6db0712de894/go.mod h1:7MHv0D7vkFEFjZDDfdT4qnnJnKtB5VyN7gy5uRBfafw=
github.com/claes/mpd-mqtt v0.0.0-20241117211350-5c216a578a24 h1:FnJjvtK6hNBm14PbL2Wrli2Azwm7ARoJvyPwS9eDC9E=
github.com/claes/mpd-mqtt v0.0.0-20241117211350-5c216a578a24/go.mod h1:Hyl2NzM/XtcVRNPC5mSYs/h97hvMX2M7kG0oBVe472c=
github.com/claes/mqtt-bridges/cec-mqtt v0.0.0-20241218201158-848d7a61ccf7 h1:nr9NXc0dIferCvSNFrgPzvETpASs6Wq8WcaJr1Z6HzE=
github.com/claes/mqtt-bridges/cec-mqtt v0.0.0-20241218201158-848d7a61ccf7/go.mod h1:tiLYvfHh83U9e6gt9XoaKkQ5sb/pm5q95eVNwG6QTaM=
github.com/claes/mqtt-bridges/common v0.0.0-20241218194001-0e0f35dcc1d1 h1:Nw8PX/btp/xcUgRWFGcb67PyIIsS4wKvZ6JrEvwTP94=
github.com/claes/mqtt-bridges/common v0.0.0-20241218194001-0e0f35dcc1d1/go.mod h1:ai22pI1SqvdrBrFKllI5cJCr5oN0g5GtVJAx8ewcE0k=
github.com/claes/mqtt-bridges/pulseaudio-mqtt v0.0.0-20241218201158-848d7a61ccf7 h1:CP7RqlFO42OikpKiPDrbw2kWphYK+vosslabxcoSQgw=
github.com/claes/mqtt-bridges/pulseaudio-mqtt v0.0.0-20241218201158-848d7a61ccf7/go.mod h1:AdPD4Ef5+co2o76KNb5f0zlpCX9F48Mix3N19B7T+aM=
github.com/claes/mqtt-bridges/rotel-mqtt v0.0.0-20241218201158-848d7a61ccf7 h1:iI/uGFa+5wKOOLJ3Synq7h9ZhSKGsciB3h1ZN7SFEDU=
github.com/claes/mqtt-bridges/rotel-mqtt v0.0.0-20241218201158-848d7a61ccf7/go.mod h1:SMVI+N+SS/3fKHnbzSVO+87CKZvyuY7Jr5eXWy1UCVY=
github.com/claes/mqtt-bridges/routeros-mqtt v0.0.0-20241218201158-848d7a61ccf7 h1:TX2u3R5cs/zziGo09SkKaLs2RbLZsTix6leAZDOmJsE=
github.com/claes/mqtt-bridges/routeros-mqtt v0.0.0-20241218201158-848d7a61ccf7/go.mod h1:QwY/N7JXdKaKRYtPTd8B+/47mkpdCDXaC7NwT2TmI9Q=
github.com/claes/mqtt-bridges/samsungtv-mqtt v0.0.0-20241218201158-848d7a61ccf7 h1:mb79MyWmXL8zeAWP9ZPbkjnMFjZf/U9Oc608qsEeMnk=
github.com/claes/mqtt-bridges/samsungtv-mqtt v0.0.0-20241218201158-848d7a61ccf7/go.mod h1:BMBU9jk4/Re0tlONsBbGercxJdnPExEsVae5Eik/0No=
github.com/claes/mqtt-bridges/snapcast-mqtt v0.0.0-20241218201158-848d7a61ccf7 h1:bR1iBg7ngJWkrxeqqN4lC+257xk373mbamAVlCmMXiw=
github.com/claes/mqtt-bridges/snapcast-mqtt v0.0.0-20241218201158-848d7a61ccf7/go.mod h1:0mUO4P1kQ7WzAKEdPogfUqwVNLyJIy8P5T5cHFEIXVI=
github.com/davecgh/go-spew v1.1.1 h1:vj9j/u1bqnvCEfJOwUhtlOARqs3+rkHYY13jYWTU97c=
github.com/davecgh/go-spew v1.1.1/go.mod h1:J7Y8YcW2NihsgmVo/mv3lAwl/skON4iLHjSsI+c5H38=
github.com/eclipse/paho.mqtt.golang v1.5.0 h1:EH+bUVJNgttidWFkLLVKaQPGmkTUfQQqjOsyvMGvD6o=
github.com/eclipse/paho.mqtt.golang v1.5.0/go.mod h1:du/2qNQVqJf/Sqs4MEL77kR8QTqANF7XU7Fk0aOTAgk=
github.com/fhs/gompd/v2 v2.3.0 h1:wuruUjmOODRlJhrYx73rJnzS7vTSXSU7pWmZtM3VPE0=
github.com/fhs/gompd/v2 v2.3.0/go.mod h1:nNdZtcpD5VpmzZbRl5rV6RhxeMmAWTxEsSIMBkmMIy4=
github.com/go-routeros/routeros/v3 v3.0.0 h1:/V4Cgr+wmn3IyyYIXUX1KYK8pA1ADPiwLSlAi912j1M=
github.com/go-routeros/routeros/v3 v3.0.0/go.mod h1:j4mq65czXfKtHsdLkgVv8w7sNzyhLZy1TKi2zQDMpiQ=
github.com/gorilla/websocket v1.5.3 h1:saDtZ6Pbx/0u+bgYQ3q96pZgCzfhKXGPqt7kZ72aNNg=
github.com/gorilla/websocket v1.5.3/go.mod h1:YR8l580nyteQvAITg2hZ9XVh4b55+EU/adAjf1fMHhE=
github.com/jfreymuth/pulse v0.1.1 h1:9WLNBNCijmtZ14ZJpatgJPu/NjwAl3TIKItSFnTh+9A=
github.com/jfreymuth/pulse v0.1.1/go.mod h1:cpYspI6YljhkUf1WLXLLDmeaaPFc3CnGLjDZf9dZ4no=
github.com/pmezard/go-difflib v1.0.0 h1:4DBwDE0NGyQoBHbLQYPwSUPoCMWR5BEzIk/f1lZbAQM=
github.com/pmezard/go-difflib v1.0.0/go.mod h1:iKH77koFhYxTK1pcRnkKkqfTogsbg7gZNVY4sRDYZ/4=
github.com/qmuntal/stateless v1.7.1 h1:dI+BtLHq/nD6u46POkOINTDjY9uE33/4auEzfX3TWp0=
github.com/qmuntal/stateless v1.7.1/go.mod h1:n1HjRBM/cq4uCr3rfUjaMkgeGcd+ykAZwkjLje6jGBM=
github.com/sj14/astral v0.2.2 h1:izIQbcrpk2wnNKE3V/GhqwTHzzXUf/RudNRjYVepfDA=
github.com/sj14/astral v0.2.2/go.mod h1:Kt/u/m06o+wp9daFX/PCo2c63r8etx94ejGYhGj/GFg=
github.com/stretchr/testify v1.9.0 h1:HtqpIVDClZ4nwg75+f6Lvsy/wHu+3BoSGCbBAcpTsTg=
github.com/stretchr/testify v1.9.0/go.mod h1:r2ic/lqez/lEtzL7wO/rwa5dbSLXVDPFyf8C91i36aY=
github.com/tarm/serial v0.0.0-20180830185346-98f6abe2eb07 h1:UyzmZLoiDWMRywV4DUYb9Fbt8uiOSooupjTq10vpvnU=
github.com/tarm/serial v0.0.0-20180830185346-98f6abe2eb07/go.mod h1:kDXzergiv9cbyO7IOYJZWg1U88JhDg3PB6klq9Hg2pA=
golang.org/x/net v0.32.0 h1:ZqPmj8Kzc+Y6e0+skZsuACbx+wzMgo5MQsJh9Qd6aYI=
golang.org/x/net v0.32.0/go.mod h1:CwU0IoeOlnQQWJ6ioyFrfRuomB8GKF6KbYXZVyeXNfs=
golang.org/x/sync v0.10.0 h1:3NQrjDixjgGwUOCaF8w2+VYHv0Ve/vGYSbdkTa98gmQ=
golang.org/x/sync v0.10.0/go.mod h1:Czt+wKu1gCyEFDUtn0jG5QVvpJ6rzVqr5aXyt9drQfk=
golang.org/x/sys v0.28.0 h1:Fksou7UEQUWlKvIdsqzJmUmCX3cZuD2+P3XyyzwMhlA=
golang.org/x/sys v0.28.0/go.mod h1:/VUhepiaJMQUp4+oa/7Zr1D23ma6VTLIYjOOTFZPUcA=
golang.org/x/time v0.5.0 h1:o7cqy6amK/52YcAKIPlM3a+Fpj35zvRj2TP+e1xFSfk=
golang.org/x/time v0.5.0/go.mod h1:3BpzKBy/shNhVucY/MWOyx10tF3SFh9QdLuxbVysPQM=
gopkg.in/yaml.v3 v3.0.1 h1:fxVm/GzAzEWqLHuvctI91KS9hhNmmWOoWu0XTYJS7CA=
gopkg.in/yaml.v3 v3.0.1/go.mod h1:K4uyk7z7BCEPqu6E+C64Yfv1cQ7kz7rIZviUmN+EgEM=
