github.com/bendahl/uinput v1.7.0 h1:nA4fm8Wu8UYNOPykIZm66nkWEyvxzfmJ8YC02PM40jg=
github.com/bendahl/uinput v1.7.0/go.mod h1:Np7w3DINc9wB83p12fTAM3DPPhFnAKP0WTXRqCQJ6Z8=
github.com/claes/cec v0.0.0-20240813190404-a76b42f9c38e h1:Mm7DDsTSiH92a4G1ILISBsxG4+ilwlbGmTf/JrTZfZo=
github.com/claes/cec v0.0.0-20240813190404-a76b42f9c38e/go.mod h1:7MHv0D7vkFEFjZDDfdT4qnnJnKtB5VyN7gy5uRBfafw=
github.com/claes/cec-mqtt v0.0.0-20240813191213-f4ea7329ce9f h1:SYP+VbMkoJ3ZcoLMtaTnwjq4D7uA0ldyK3EFns1vsL8=
github.com/claes/cec-mqtt v0.0.0-20240813191213-f4ea7329ce9f/go.mod h1:NkhSqwb3PPSHjob04jN5095fIVNHPCL4HxfVxiQeYBo=
github.com/claes/mpd-mqtt v0.0.0-20240519194016-85c618d0324c h1:2dKdSrGmF2aXsvKo+k49/oKeE7Y2mReTRlbIOkyclJY=
github.com/claes/mpd-mqtt v0.0.0-20240519194016-85c618d0324c/go.mod h1:Hyl2NzM/XtcVRNPC5mSYs/h97hvMX2M7kG0oBVe472c=
github.com/claes/pulseaudio-mqtt v0.0.0-20240608150920-ae9478b7bdd9 h1:OKBAZzqsz1ogTq5H+F8q1aswxdbcHTND75EYAKESSS0=
github.com/claes/pulseaudio-mqtt v0.0.0-20240608150920-ae9478b7bdd9/go.mod h1:NbLAajteKoKa/m1YqSaJj/X6RCMUADqW2SovdFemRJA=
github.com/claes/rotel-mqtt v0.0.0-20240606125206-2d4a5438e037 h1:TMWVG4OXsU9Cb66qSk3OZD5Wj2vfgvCAAFxbKAT+lDY=
github.com/claes/rotel-mqtt v0.0.0-20240606125206-2d4a5438e037/go.mod h1:DXNpasrX+83LQrnnPGJmTIOexwA9XkeyU22atNDevD4=
github.com/claes/samsung-mqtt v0.0.0-20240602172721-04fb4a7190d1 h1:SYp9Gfz7GZrIZkJ+/YsHt7VAT9avy+PUFEQMmlJW37M=
github.com/claes/samsung-mqtt v0.0.0-20240602172721-04fb4a7190d1/go.mod h1:0rHVPioCmrVMl9tOe2jVXGr6a8myw4jw0ijXlZjwKbQ=
github.com/eclipse/paho.mqtt.golang v1.5.0 h1:EH+bUVJNgttidWFkLLVKaQPGmkTUfQQqjOsyvMGvD6o=
github.com/eclipse/paho.mqtt.golang v1.5.0/go.mod h1:du/2qNQVqJf/Sqs4MEL77kR8QTqANF7XU7Fk0aOTAgk=
github.com/fhs/gompd/v2 v2.3.0 h1:wuruUjmOODRlJhrYx73rJnzS7vTSXSU7pWmZtM3VPE0=
github.com/fhs/gompd/v2 v2.3.0/go.mod h1:nNdZtcpD5VpmzZbRl5rV6RhxeMmAWTxEsSIMBkmMIy4=
github.com/gorilla/websocket v1.5.3 h1:saDtZ6Pbx/0u+bgYQ3q96pZgCzfhKXGPqt7kZ72aNNg=
github.com/gorilla/websocket v1.5.3/go.mod h1:YR8l580nyteQvAITg2hZ9XVh4b55+EU/adAjf1fMHhE=
github.com/jfreymuth/pulse v0.1.1 h1:9WLNBNCijmtZ14ZJpatgJPu/NjwAl3TIKItSFnTh+9A=
github.com/jfreymuth/pulse v0.1.1/go.mod h1:cpYspI6YljhkUf1WLXLLDmeaaPFc3CnGLjDZf9dZ4no=
github.com/tarm/serial v0.0.0-20180830185346-98f6abe2eb07 h1:UyzmZLoiDWMRywV4DUYb9Fbt8uiOSooupjTq10vpvnU=
github.com/tarm/serial v0.0.0-20180830185346-98f6abe2eb07/go.mod h1:kDXzergiv9cbyO7IOYJZWg1U88JhDg3PB6klq9Hg2pA=
golang.org/x/net v0.28.0 h1:a9JDOJc5GMUJ0+UDqmLT86WiEy7iWyIhz8gz8E4e5hE=
golang.org/x/net v0.28.0/go.mod h1:yqtgsTWOOnlGLG9GFRrK3++bGOUEkNBoHZc8MEDWPNg=
golang.org/x/sync v0.8.0 h1:3NFvSEYkUoMifnESzZl15y791HH1qU2xm6eCJU5ZPXQ=
golang.org/x/sync v0.8.0/go.mod h1:Czt+wKu1gCyEFDUtn0jG5QVvpJ6rzVqr5aXyt9drQfk=
golang.org/x/sys v0.23.0 h1:YfKFowiIMvtgl1UERQoTPPToxltDeZfbj4H7dVUCwmM=
golang.org/x/sys v0.23.0/go.mod h1:/VUhepiaJMQUp4+oa/7Zr1D23ma6VTLIYjOOTFZPUcA=
